
Microsoft Visual Studio Solution File, Format Version 12.00
# Visual Studio Version 17
VisualStudioVersion = 17.10.35027.167
MinimumVisualStudioVersion = 10.0.40219.1
Project("{FAE04EC0-301F-11D3-BF4B-00C04F79EFBC}") = "GreetingsApp", "GreetingsApp.csproj", "{8E91767A-A3B0-4797-AA51-AA2BB6D7ED5C}"
EndProject
Global
	GlobalSection(SolutionConfigurationPlatforms) = preSolution
		Debug|Any CPU = Debug|Any CPU
		Release|Any CPU = Release|Any CPU
	EndGlobalSection
	GlobalSection(ProjectConfigurationPlatforms) = postSolution
		{8E91767A-A3B0-4797-AA51-AA2BB6D7ED5C}.Debug|Any CPU.ActiveCfg = Debug|Any CPU
		{8E91767A-A3B0-4797-AA51-AA2BB6D7ED5C}.Debug|Any CPU.Build.0 = Debug|Any CPU
		{8E91767A-A3B0-4797-AA51-AA2BB6D7ED5C}.Release|Any CPU.ActiveCfg = Release|Any CPU
		{8E91767A-A3B0-4797-AA51-AA2BB6D7ED5C}.Release|Any CPU.Build.0 = Release|Any CPU
	EndGlobalSection
	GlobalSection(SolutionProperties) = preSolution
		HideSolutionNode = FALSE
	EndGlobalSection
	GlobalSection(ExtensibilityGlobals) = postSolution
		SolutionGuid = {D2A6DD77-7B35-47EC-B6A1-D9ED728F1151}
	EndGlobalSection
EndGlobal
